
Microsoft Visual Studio Solution File, Format Version 12.00
# Visual Studio Version 17
VisualStudioVersion = 17.10.35027.167
MinimumVisualStudioVersion = 10.0.40219.1
Project("{FAE04EC0-301F-11D3-BF4B-00C04F79EFBC}") = "SW_Decensor_BE5", "SW_Decensor\SW_Decensor_BE5.csproj", "{B81208D1-4C3E-4C0B-8081-64699D826A95}"
EndProject
Project("{9A19103F-16F7-4668-BE54-9A1E7A4F7556}") = "SW_Decensor_il2cpp", "SW_Decensor_il2cpp\SW_Decensor_il2cpp.csproj", "{C1CE9895-833B-4F77-8115-E395D2E785E3}"
EndProject
Project("{D954291E-2A0B-460D-934E-DC6B0785DB48}") = "Common", "Common\Common.shproj", "{1F146328-5DAB-4D55-8AAD-60BAF58B38C7}"
EndProject
Project("{FAE04EC0-301F-11D3-BF4B-00C04F79EFBC}") = "SW_Decensor_BE6", "SW_Decensor_BE6\SW_Decensor_BE6.csproj", "{F83A45C7-ADA0-47AF-B7A7-DE559636EF62}"
EndProject
Global
	GlobalSection(SolutionConfigurationPlatforms) = preSolution
		Debug|Any CPU = Debug|Any CPU
		Release|Any CPU = Release|Any CPU
	EndGlobalSection
	GlobalSection(ProjectConfigurationPlatforms) = postSolution
		{B81208D1-4C3E-4C0B-8081-64699D826A95}.Debug|Any CPU.ActiveCfg = Debug|Any CPU
		{B81208D1-4C3E-4C0B-8081-64699D826A95}.Debug|Any CPU.Build.0 = Debug|Any CPU
		{B81208D1-4C3E-4C0B-8081-64699D826A95}.Release|Any CPU.ActiveCfg = Release|Any CPU
		{B81208D1-4C3E-4C0B-8081-64699D826A95}.Release|Any CPU.Build.0 = Release|Any CPU
		{C1CE9895-833B-4F77-8115-E395D2E785E3}.Debug|Any CPU.ActiveCfg = Debug|Any CPU
		{C1CE9895-833B-4F77-8115-E395D2E785E3}.Debug|Any CPU.Build.0 = Debug|Any CPU
		{C1CE9895-833B-4F77-8115-E395D2E785E3}.Release|Any CPU.ActiveCfg = Release|Any CPU
		{C1CE9895-833B-4F77-8115-E395D2E785E3}.Release|Any CPU.Build.0 = Release|Any CPU
		{F83A45C7-ADA0-47AF-B7A7-DE559636EF62}.Debug|Any CPU.ActiveCfg = Debug|Any CPU
		{F83A45C7-ADA0-47AF-B7A7-DE559636EF62}.Debug|Any CPU.Build.0 = Debug|Any CPU
		{F83A45C7-ADA0-47AF-B7A7-DE559636EF62}.Release|Any CPU.ActiveCfg = Release|Any CPU
		{F83A45C7-ADA0-47AF-B7A7-DE559636EF62}.Release|Any CPU.Build.0 = Release|Any CPU
	EndGlobalSection
	GlobalSection(SolutionProperties) = preSolution
		HideSolutionNode = FALSE
	EndGlobalSection
	GlobalSection(ExtensibilityGlobals) = postSolution
		SolutionGuid = {DEB38CD1-6A08-47E7-B61E-6F83AA762AB8}
	EndGlobalSection
	GlobalSection(SharedMSBuildProjectFiles) = preSolution
		Common\Common.projitems*{1f146328-5dab-4d55-8aad-60baf58b38c7}*SharedItemsImports = 13
		Common\Common.projitems*{b81208d1-4c3e-4c0b-8081-64699d826a95}*SharedItemsImports = 4
		Common\Common.projitems*{c1ce9895-833b-4f77-8115-e395d2e785e3}*SharedItemsImports = 5
		Common\Common.projitems*{f83a45c7-ada0-47af-b7a7-de559636ef62}*SharedItemsImports = 4
	EndGlobalSection
EndGlobal
